
Microsoft Visual Studio Solution File, Format Version 12.00
# Visual Studio 15
VisualStudioVersion = 15.0.28307.705
MinimumVisualStudioVersion = 10.0.40219.1
Project("{FAE04EC0-301F-11D3-BF4B-00C04F79EFBC}") = "Projeto2aEpoca", "Projeto2aEpoca\Projeto2aEpoca.csproj", "{CA36A385-B835-4BFA-B29E-4383602DB15B}"
EndProject
Global
	GlobalSection(SolutionConfigurationPlatforms) = preSolution
		Debug|Any CPU = Debug|Any CPU
		Release|Any CPU = Release|Any CPU
	EndGlobalSection
	GlobalSection(ProjectConfigurationPlatforms) = postSolution
		{CA36A385-B835-4BFA-B29E-4383602DB15B}.Debug|Any CPU.ActiveCfg = Debug|Any CPU
		{CA36A385-B835-4BFA-B29E-4383602DB15B}.Debug|Any CPU.Build.0 = Debug|Any CPU
		{CA36A385-B835-4BFA-B29E-4383602DB15B}.Release|Any CPU.ActiveCfg = Release|Any CPU
		{CA36A385-B835-4BFA-B29E-4383602DB15B}.Release|Any CPU.Build.0 = Release|Any CPU
	EndGlobalSection
	GlobalSection(SolutionProperties) = preSolution
		HideSolutionNode = FALSE
	EndGlobalSection
	GlobalSection(ExtensibilityGlobals) = postSolution
		SolutionGuid = {37D7346E-0DD9-4FF5-BC29-9D4B30733795}
	EndGlobalSection
EndGlobal
